
Microsoft Visual Studio Solution File, Format Version 12.00
# Visual Studio 15
VisualStudioVersion = 15.0.33026.149
MinimumVisualStudioVersion = 10.0.40219.1
Project("{FAE04EC0-301F-11D3-BF4B-00C04F79EFBC}") = "XClassINI", "..\XFBClassLibrary\XClassINI\XClassINI.csproj", "{67B06E93-1B6B-4B42-9678-02380B8C7926}"
EndProject
Project("{FAE04EC0-301F-11D3-BF4B-00C04F79EFBC}") = "SocketClient", "SocketClient.csproj", "{877886FB-DE00-4E99-BFF7-389539A74AC3}"
EndProject
Project("{FAE04EC0-301F-11D3-BF4B-00C04F79EFBC}") = "XControlSocketClient", "..\XFBControlLibrary\XControlSocketClient\XControlSocketClient.csproj", "{B4FF55D0-DDBB-467A-843F-E3D16B693223}"
EndProject
Global
	GlobalSection(SolutionConfigurationPlatforms) = preSolution
		Debug|Any CPU = Debug|Any CPU
		Release|Any CPU = Release|Any CPU
	EndGlobalSection
	GlobalSection(ProjectConfigurationPlatforms) = postSolution
		{67B06E93-1B6B-4B42-9678-02380B8C7926}.Debug|Any CPU.ActiveCfg = Debug|Any CPU
		{67B06E93-1B6B-4B42-9678-02380B8C7926}.Debug|Any CPU.Build.0 = Debug|Any CPU
		{67B06E93-1B6B-4B42-9678-02380B8C7926}.Release|Any CPU.ActiveCfg = Release|Any CPU
		{67B06E93-1B6B-4B42-9678-02380B8C7926}.Release|Any CPU.Build.0 = Release|Any CPU
		{877886FB-DE00-4E99-BFF7-389539A74AC3}.Debug|Any CPU.ActiveCfg = Debug|Any CPU
		{877886FB-DE00-4E99-BFF7-389539A74AC3}.Debug|Any CPU.Build.0 = Debug|Any CPU
		{877886FB-DE00-4E99-BFF7-389539A74AC3}.Release|Any CPU.ActiveCfg = Release|Any CPU
		{877886FB-DE00-4E99-BFF7-389539A74AC3}.Release|Any CPU.Build.0 = Release|Any CPU
		{B4FF55D0-DDBB-467A-843F-E3D16B693223}.Debug|Any CPU.ActiveCfg = Debug|Any CPU
		{B4FF55D0-DDBB-467A-843F-E3D16B693223}.Debug|Any CPU.Build.0 = Debug|Any CPU
		{B4FF55D0-DDBB-467A-843F-E3D16B693223}.Release|Any CPU.ActiveCfg = Release|Any CPU
		{B4FF55D0-DDBB-467A-843F-E3D16B693223}.Release|Any CPU.Build.0 = Release|Any CPU
	EndGlobalSection
	GlobalSection(SolutionProperties) = preSolution
		HideSolutionNode = FALSE
	EndGlobalSection
	GlobalSection(ExtensibilityGlobals) = postSolution
		SolutionGuid = {BE2A1037-214F-49AA-8742-42D363B4837D}
	EndGlobalSection
EndGlobal
